// !$*UTF8*$!
{
	archiveVersion = 1;
	classes = {
	};
	objectVersion = 77;
	objects = {

/* Begin PBXBuildFile section */
		A9A1A1A12C93456700000001 /* PerceptronVizApp.swift in Sources */ = {isa = PBXBuildFile; fileRef = A9A1A1A02C93456700000001 /* PerceptronVizApp.swift */; };
		A9A1A1A32C93456700000001 /* ContentView.swift in Sources */ = {isa = PBXBuildFile; fileRef = A9A1A1A22C93456700000001 /* ContentView.swift */; };
		A9A1A1A52C93456800000001 /* Assets.xcassets in Resources */ = {isa = PBXBuildFile; fileRef = A9A1A1A42C93456800000001 /* Assets.xcassets */; };
		A9A1A1A82C93456800000001 /* Preview Assets.xcassets in Resources */ = {isa = PBXBuildFile; fileRef = A9A1A1A72C93456800000001 /* Preview Assets.xcassets */; };
		A9A1A1AF2C93457700000001 /* DataPoint.swift in Sources */ = {isa = PBXBuildFile; fileRef = A9A1A1AE2C93457700000001 /* DataPoint.swift */; };
		A9A1A1B12C93457F00000001 /* PerceptronModel.swift in Sources */ = {isa = PBXBuildFile; fileRef = A9A1A1B02C93457F00000001 /* PerceptronModel.swift */; };
		D6DFBC4B13CC48BFBABD3D1E22588B40 /* ClassificationLegendView.swift in Sources */ = {isa = PBXBuildFile; fileRef = 16CDCA7A065541848D9E18100FB6878E /* ClassificationLegendView.swift */; };
		7BDE42FDBD9C4E2D994B87E7B020E733 /* PerceptronChartView.swift in Sources */ = {isa = PBXBuildFile; fileRef = BC7C7838E8744E67B0FC75ACF3398E3A /* PerceptronChartView.swift */; };
		32EAC5BBDCCC47478AB8817720035E03 /* PerceptronControlsView.swift in Sources */ = {isa = PBXBuildFile; fileRef = 0A6FF48E856B4E668A53767BAA38B2FE /* PerceptronControlsView.swift */; };
		366CD50954CB458BB236099CAB50B21A /* TrainingDataEditorView.swift in Sources */ = {isa = PBXBuildFile; fileRef = 0698C76745C2413896A8C78E449C8DD3 /* TrainingDataEditorView.swift */; };
		31589E98DF6A44D08778871521CE8D4F /* VisualizationPanelView.swift in Sources */ = {isa = PBXBuildFile; fileRef = E4774C947A4C4543A46895F077F1903F /* VisualizationPanelView.swift */; };
		9D62E7300C0B431BAAAFAF003E1A6F9D /* TrainingAreaView.swift in Sources */ = {isa = PBXBuildFile; fileRef = A7AD0017270A4BDAA327D1B6A88A7E7A /* TrainingAreaView.swift */; };
		580553AE9F2443D18CF348FE8D2FC80B /* TrainingProgressChartView.swift in Sources */ = {isa = PBXBuildFile; fileRef = D6DC5409BA9A4585B6F6FDA2A22A263A /* TrainingProgressChartView.swift */; };
		4EE4EC4F21264A55A08FC0447BC1A64B /* TrainingDataTableView.swift in Sources */ = {isa = PBXBuildFile; fileRef = FFDBA1A37F9045C99EDA34B89F600117 /* TrainingDataTableView.swift */; };
		262CD09287D9459381988A66D81DFC34 /* StepCalculationDetailsView.swift in Sources */ = {isa = PBXBuildFile; fileRef = 26387955DC234CEFBED41D8133D5772A /* StepCalculationDetailsView.swift */; };
		4D79A5B22BEB4EE49E1D3074D1521148 /* TrainingControlsPanel.swift in Sources */ = {isa = PBXBuildFile; fileRef = D87FD04D5D2F49E58D34D6BF0C3A272B /* TrainingControlsPanel.swift */; };
		46196030253F413C899112C2FA2F3CA4 /* SafeCollectionAccess.swift in Sources */ = {isa = PBXBuildFile; fileRef = 423B86679C3C4F58A949578BB54BDA64 /* SafeCollectionAccess.swift */; };
/* End PBXBuildFile section */

/* Begin PBXFileReference section */
		A9A1A19D2C93456700000001 /* PerceptronViz.app */ = {isa = PBXFileReference; explicitFileType = wrapper.application; includeInIndex = 0; path = PerceptronViz.app; sourceTree = BUILT_PRODUCTS_DIR; };
		A9A1A1A02C93456700000001 /* PerceptronVizApp.swift */ = {isa = PBXFileReference; lastKnownFileType = sourcecode.swift; path = PerceptronVizApp.swift; sourceTree = "<group>"; };
		A9A1A1A22C93456700000001 /* ContentView.swift */ = {isa = PBXFileReference; lastKnownFileType = sourcecode.swift; path = ContentView.swift; sourceTree = "<group>"; };
		A9A1A1A42C93456800000001 /* Assets.xcassets */ = {isa = PBXFileReference; lastKnownFileType = folder.assetcatalog; path = Assets.xcassets; sourceTree = "<group>"; };
		A9A1A1A72C93456800000001 /* Preview Assets.xcassets */ = {isa = PBXFileReference; lastKnownFileType = folder.assetcatalog; path = "Preview Assets.xcassets"; sourceTree = "<group>"; };
		A9A1A1A92C93456800000001 /* PerceptronViz.entitlements */ = {isa = PBXFileReference; lastKnownFileType = text.plist.entitlements; path = PerceptronViz.entitlements; sourceTree = "<group>"; };
		A9A1A1AE2C93457700000001 /* DataPoint.swift */ = {isa = PBXFileReference; lastKnownFileType = sourcecode.swift; path = DataPoint.swift; sourceTree = "<group>"; };
		A9A1A1B02C93457F00000001 /* PerceptronModel.swift */ = {isa = PBXFileReference; lastKnownFileType = sourcecode.swift; path = PerceptronModel.swift; sourceTree = "<group>"; };
		16CDCA7A065541848D9E18100FB6878E /* ClassificationLegendView.swift */ = {isa = PBXFileReference; lastKnownFileType = sourcecode.swift; path = ClassificationLegendView.swift; sourceTree = "<group>"; };
		BC7C7838E8744E67B0FC75ACF3398E3A /* PerceptronChartView.swift */ = {isa = PBXFileReference; lastKnownFileType = sourcecode.swift; path = PerceptronChartView.swift; sourceTree = "<group>"; };
		0A6FF48E856B4E668A53767BAA38B2FE /* PerceptronControlsView.swift */ = {isa = PBXFileReference; lastKnownFileType = sourcecode.swift; path = PerceptronControlsView.swift; sourceTree = "<group>"; };
		0698C76745C2413896A8C78E449C8DD3 /* TrainingDataEditorView.swift */ = {isa = PBXFileReference; lastKnownFileType = sourcecode.swift; path = TrainingDataEditorView.swift; sourceTree = "<group>"; };
		E4774C947A4C4543A46895F077F1903F /* VisualizationPanelView.swift */ = {isa = PBXFileReference; lastKnownFileType = sourcecode.swift; path = VisualizationPanelView.swift; sourceTree = "<group>"; };
		A7AD0017270A4BDAA327D1B6A88A7E7A /* TrainingAreaView.swift */ = {isa = PBXFileReference; lastKnownFileType = sourcecode.swift; path = TrainingAreaView.swift; sourceTree = "<group>"; };
		D6DC5409BA9A4585B6F6FDA2A22A263A /* TrainingProgressChartView.swift */ = {isa = PBXFileReference; lastKnownFileType = sourcecode.swift; path = TrainingProgressChartView.swift; sourceTree = "<group>"; };
		FFDBA1A37F9045C99EDA34B89F600117 /* TrainingDataTableView.swift */ = {isa = PBXFileReference; lastKnownFileType = sourcecode.swift; path = TrainingDataTableView.swift; sourceTree = "<group>"; };
		26387955DC234CEFBED41D8133D5772A /* StepCalculationDetailsView.swift */ = {isa = PBXFileReference; lastKnownFileType = sourcecode.swift; path = StepCalculationDetailsView.swift; sourceTree = "<group>"; };
		D87FD04D5D2F49E58D34D6BF0C3A272B /* TrainingControlsPanel.swift */ = {isa = PBXFileReference; lastKnownFileType = sourcecode.swift; path = TrainingControlsPanel.swift; sourceTree = "<group>"; };
		423B86679C3C4F58A949578BB54BDA64 /* SafeCollectionAccess.swift */ = {isa = PBXFileReference; lastKnownFileType = sourcecode.swift; path = SafeCollectionAccess.swift; sourceTree = "<group>"; };
/* End PBXFileReference section */

/* Begin PBXFrameworksBuildPhase section */
		A9A1A19A2C93456700000001 /* Frameworks */ = {
			isa = PBXFrameworksBuildPhase;
			buildActionMask = 2147483647;
			files = (
			);
			runOnlyForDeploymentPostprocessing = 0;
		};
/* End PBXFrameworksBuildPhase section */

/* Begin PBXGroup section */
		A9A1A1942C93456700000001 = {
			isa = PBXGroup;
			children = (
				A9A1A19F2C93456700000001 /* PerceptronViz */,
				A9A1A19E2C93456700000001 /* Products */,
			);
			sourceTree = "<group>";
		};
		A9A1A19E2C93456700000001 /* Products */ = {
			isa = PBXGroup;
			children = (
				A9A1A19D2C93456700000001 /* PerceptronViz.app */,
			);
			name = Products;
			sourceTree = "<group>";
		};
		A9A1A19F2C93456700000001 /* PerceptronViz */ = {
			isa = PBXGroup;
			children = (
				A9A1A1A02C93456700000001 /* PerceptronVizApp.swift */,
				4603A5A54BD94DF9B14B8F01892444F6 /* Views */,
				423B86679C3C4F58A949578BB54BDA64 /* SafeCollectionAccess.swift */,
				A9A1A1AE2C93457700000001 /* DataPoint.swift */,
				A9A1A1B02C93457F00000001 /* PerceptronModel.swift */,
				A9A1A1A42C93456800000001 /* Assets.xcassets */,
				A9A1A1A92C93456800000001 /* PerceptronViz.entitlements */,
				A9A1A1A62C93456800000001 /* Preview Content */,
			);
			path = PerceptronViz;
			sourceTree = "<group>";
		};
		4603A5A54BD94DF9B14B8F01892444F6 /* Views */ = {
			isa = PBXGroup;
			children = (
				A9A1A1A22C93456700000001 /* ContentView.swift */,
				0698C76745C2413896A8C78E449C8DD3 /* TrainingDataEditorView.swift */,
				E4774C947A4C4543A46895F077F1903F /* VisualizationPanelView.swift */,
				BC7C7838E8744E67B0FC75ACF3398E3A /* PerceptronChartView.swift */,
				16CDCA7A065541848D9E18100FB6878E /* ClassificationLegendView.swift */,
				0A6FF48E856B4E668A53767BAA38B2FE /* PerceptronControlsView.swift */,
				A7AD0017270A4BDAA327D1B6A88A7E7A /* TrainingAreaView.swift */,
				D6DC5409BA9A4585B6F6FDA2A22A263A /* TrainingProgressChartView.swift */,
				FFDBA1A37F9045C99EDA34B89F600117 /* TrainingDataTableView.swift */,
				26387955DC234CEFBED41D8133D5772A /* StepCalculationDetailsView.swift */,
				D87FD04D5D2F49E58D34D6BF0C3A272B /* TrainingControlsPanel.swift */,
			);
			name = Views;
			sourceTree = "<group>";
		};
		A9A1A1A62C93456800000001 /* Preview Content */ = {
			isa = PBXGroup;
			children = (
				A9A1A1A72C93456800000001 /* Preview Assets.xcassets */,
			);
			path = "Preview Content";
			sourceTree = "<group>";
		};
/* End PBXGroup section */

/* Begin PBXNativeTarget section */
		A9A1A19C2C93456700000001 /* PerceptronViz */ = {
			isa = PBXNativeTarget;
			buildConfigurationList = A9A1A1AC2C93456800000001 /* Build configuration list for PBXNativeTarget "PerceptronViz" */;
			buildPhases = (
				A9A1A1992C93456700000001 /* Sources */,
				A9A1A19A2C93456700000001 /* Frameworks */,
				A9A1A19B2C93456700000001 /* Resources */,
			);
			buildRules = (
			);
			dependencies = (
			);
			name = PerceptronViz;
			productName = PerceptronViz;
			productReference = A9A1A19D2C93456700000001 /* PerceptronViz.app */;
			productType = "com.apple.product-type.application";
		};
/* End PBXNativeTarget section */

/* Begin PBXProject section */
		A9A1A1952C93456700000001 /* Project object */ = {
			isa = PBXProject;
			attributes = {
				BuildIndependentTargetsInParallel = 1;
				LastSwiftUpdateCheck = 1600;
				LastUpgradeCheck = 1600;
				TargetAttributes = {
					A9A1A19C2C93456700000001 = {
						CreatedOnToolsVersion = 16.0;
					};
				};
			};
			buildConfigurationList = A9A1A1982C93456700000001 /* Build configuration list for PBXProject "PerceptronViz" */;
			developmentRegion = en;
			hasScannedForEncodings = 0;
			knownRegions = (
				en,
				Base,
			);
			mainGroup = A9A1A1942C93456700000001;
			minimizedProjectReferenceProxies = 1;
			preferredProjectObjectVersion = 77;
			productRefGroup = A9A1A19E2C93456700000001 /* Products */;
			projectDirPath = "";
			projectRoot = "";
			targets = (
				A9A1A19C2C93456700000001 /* PerceptronViz */,
			);
		};
/* End PBXProject section */

/* Begin PBXResourcesBuildPhase section */
		A9A1A19B2C93456700000001 /* Resources */ = {
			isa = PBXResourcesBuildPhase;
			buildActionMask = 2147483647;
			files = (
				A9A1A1A82C93456800000001 /* Preview Assets.xcassets in Resources */,
				A9A1A1A52C93456800000001 /* Assets.xcassets in Resources */,
			);
			runOnlyForDeploymentPostprocessing = 0;
		};
/* End PBXResourcesBuildPhase section */

/* Begin PBXSourcesBuildPhase section */
		A9A1A1992C93456700000001 /* Sources */ = {
			isa = PBXSourcesBuildPhase;
			buildActionMask = 2147483647;
			files = (
				46196030253F413C899112C2FA2F3CA4 /* SafeCollectionAccess.swift in Sources */,
				7BDE42FDBD9C4E2D994B87E7B020E733 /* PerceptronChartView.swift in Sources */,
				4EE4EC4F21264A55A08FC0447BC1A64B /* TrainingDataTableView.swift in Sources */,
				366CD50954CB458BB236099CAB50B21A /* TrainingDataEditorView.swift in Sources */,
				4D79A5B22BEB4EE49E1D3074D1521148 /* TrainingControlsPanel.swift in Sources */,
				580553AE9F2443D18CF348FE8D2FC80B /* TrainingProgressChartView.swift in Sources */,
				D6DFBC4B13CC48BFBABD3D1E22588B40 /* ClassificationLegendView.swift in Sources */,
				32EAC5BBDCCC47478AB8817720035E03 /* PerceptronControlsView.swift in Sources */,
				262CD09287D9459381988A66D81DFC34 /* StepCalculationDetailsView.swift in Sources */,
				31589E98DF6A44D08778871521CE8D4F /* VisualizationPanelView.swift in Sources */,
				9D62E7300C0B431BAAAFAF003E1A6F9D /* TrainingAreaView.swift in Sources */,
				A9A1A1A32C93456700000001 /* ContentView.swift in Sources */,
				A9A1A1AF2C93457700000001 /* DataPoint.swift in Sources */,
				A9A1A1B12C93457F00000001 /* PerceptronModel.swift in Sources */,
				A9A1A1A12C93456700000001 /* PerceptronVizApp.swift in Sources */,
			);
			runOnlyForDeploymentPostprocessing = 0;
		};
/* End PBXSourcesBuildPhase section */

/* Begin XCBuildConfiguration section */
		A9A1A1AA2C93456800000001 /* Debug */ = {
			isa = XCBuildConfiguration;
			buildSettings = {
				ALWAYS_SEARCH_USER_PATHS = NO;
				ASSETCATALOG_COMPILER_GENERATE_SWIFT_ASSET_SYMBOL_EXTENSIONS = YES;
				CLANG_ANALYZER_NONNULL = YES;
				CLANG_ANALYZER_NUMBER_OBJECT_CONVERSION = YES_AGGRESSIVE;
				CLANG_CXX_LANGUAGE_STANDARD = "gnu++20";
				CLANG_ENABLE_MODULES = YES;
				CLANG_ENABLE_OBJC_ARC = YES;
				CLANG_ENABLE_OBJC_WEAK = YES;
				CLANG_WARN_BLOCK_CAPTURE_AUTORELEASING = YES;
				CLANG_WARN_BOOL_CONVERSION = YES;
				CLANG_WARN_COMMA = YES;
				CLANG_WARN_CONSTANT_CONVERSION = YES;
				CLANG_WARN_DEPRECATED_OBJC_IMPLEMENTATIONS = YES;
				CLANG_WARN_DIRECT_OBJC_ISA_USAGE = YES_ERROR;
				CLANG_WARN_DOCUMENTATION_COMMENTS = YES;
				CLANG_WARN_EMPTY_BODY = YES;
				CLANG_WARN_ENUM_CONVERSION = YES;
				CLANG_WARN_INFINITE_RECURSION = YES;
				CLANG_WARN_INT_CONVERSION = YES;
				CLANG_WARN_NON_LITERAL_NULL_CONVERSION = YES;
				CLANG_WARN_OBJC_IMPLICIT_RETAIN_SELF = YES;
				CLANG_WARN_OBJC_LITERAL_CONVERSION = YES;
				CLANG_WARN_OBJC_ROOT_CLASS = YES_ERROR;
				CLANG_WARN_QUOTED_INCLUDE_IN_FRAMEWORK_HEADER = YES;
				CLANG_WARN_RANGE_LOOP_ANALYSIS = YES;
				CLANG_WARN_STRICT_PROTOTYPES = YES;
				CLANG_WARN_SUSPICIOUS_MOVE = YES;
				CLANG_WARN_UNGUARDED_AVAILABILITY = YES_AGGRESSIVE;
				CLANG_WARN_UNREACHABLE_CODE = YES;
				CLANG_WARN__DUPLICATE_METHOD_MATCH = YES;
				COPY_PHASE_STRIP = NO;
				DEBUG_INFORMATION_FORMAT = dwarf;
				ENABLE_STRICT_OBJC_MSGSEND = YES;
				ENABLE_TESTABILITY = YES;
				ENABLE_USER_SCRIPT_SANDBOXING = YES;
				GCC_C_LANGUAGE_STANDARD = gnu17;
				GCC_DYNAMIC_NO_PIC = NO;
				GCC_NO_COMMON_BLOCKS = YES;
				GCC_OPTIMIZATION_LEVEL = 0;
				GCC_PREPROCESSOR_DEFINITIONS = (
					"DEBUG=1",
					"$(inherited)",
				);
				GCC_WARN_64_TO_32_BIT_CONVERSION = YES;
				GCC_WARN_ABOUT_RETURN_TYPE = YES_ERROR;
				GCC_WARN_UNDECLARED_SELECTOR = YES;
				GCC_WARN_UNINITIALIZED_AUTOS = YES_AGGRESSIVE;
				GCC_WARN_UNUSED_FUNCTION = YES;
				GCC_WARN_UNUSED_VARIABLE = YES;
				LOCALIZATION_PREFERS_STRING_CATALOGS = YES;
				MACOSX_DEPLOYMENT_TARGET = 14.0;
				MTL_ENABLE_DEBUG_INFO = INCLUDE_SOURCE;
				MTL_FAST_MATH = YES;
				ONLY_ACTIVE_ARCH = YES;
				SDKROOT = macosx;
				SWIFT_ACTIVE_COMPILATION_CONDITIONS = "DEBUG $(inherited)";
				SWIFT_OPTIMIZATION_LEVEL = "-Onone";
				SWIFT_VERSION = 6.0;
			};
			name = Debug;
		};
		A9A1A1AB2C93456800000001 /* Release */ = {
			isa = XCBuildConfiguration;
			buildSettings = {
				ALWAYS_SEARCH_USER_PATHS = NO;
				ASSETCATALOG_COMPILER_GENERATE_SWIFT_ASSET_SYMBOL_EXTENSIONS = YES;
				CLANG_ANALYZER_NONNULL = YES;
				CLANG_ANALYZER_NUMBER_OBJECT_CONVERSION = YES_AGGRESSIVE;
				CLANG_CXX_LANGUAGE_STANDARD = "gnu++20";
				CLANG_ENABLE_MODULES = YES;
				CLANG_ENABLE_OBJC_ARC = YES;
				CLANG_ENABLE_OBJC_WEAK = YES;
				CLANG_WARN_BLOCK_CAPTURE_AUTORELEASING = YES;
				CLANG_WARN_BOOL_CONVERSION = YES;
				CLANG_WARN_COMMA = YES;
				CLANG_WARN_CONSTANT_CONVERSION = YES;
				CLANG_WARN_DEPRECATED_OBJC_IMPLEMENTATIONS = YES;
				CLANG_WARN_DIRECT_OBJC_ISA_USAGE = YES_ERROR;
				CLANG_WARN_DOCUMENTATION_COMMENTS = YES;
				CLANG_WARN_EMPTY_BODY = YES;
				CLANG_WARN_ENUM_CONVERSION = YES;
				CLANG_WARN_INFINITE_RECURSION = YES;
				CLANG_WARN_INT_CONVERSION = YES;
				CLANG_WARN_NON_LITERAL_NULL_CONVERSION = YES;
				CLANG_WARN_OBJC_IMPLICIT_RETAIN_SELF = YES;
				CLANG_WARN_OBJC_LITERAL_CONVERSION = YES;
				CLANG_WARN_OBJC_ROOT_CLASS = YES_ERROR;
				CLANG_WARN_QUOTED_INCLUDE_IN_FRAMEWORK_HEADER = YES;
				CLANG_WARN_RANGE_LOOP_ANALYSIS = YES;
				CLANG_WARN_STRICT_PROTOTYPES = YES;
				CLANG_WARN_SUSPICIOUS_MOVE = YES;
				CLANG_WARN_UNGUARDED_AVAILABILITY = YES_AGGRESSIVE;
				CLANG_WARN_UNREACHABLE_CODE = YES;
				CLANG_WARN__DUPLICATE_METHOD_MATCH = YES;
				COPY_PHASE_STRIP = NO;
				DEBUG_INFORMATION_FORMAT = "dwarf-with-dsym";
				ENABLE_NS_ASSERTIONS = NO;
				ENABLE_STRICT_OBJC_MSGSEND = YES;
				ENABLE_USER_SCRIPT_SANDBOXING = YES;
				GCC_C_LANGUAGE_STANDARD = gnu17;
				GCC_NO_COMMON_BLOCKS = YES;
				GCC_WARN_64_TO_32_BIT_CONVERSION = YES;
				GCC_WARN_ABOUT_RETURN_TYPE = YES_ERROR;
				GCC_WARN_UNDECLARED_SELECTOR = YES;
				GCC_WARN_UNINITIALIZED_AUTOS = YES_AGGRESSIVE;
				GCC_WARN_UNUSED_FUNCTION = YES;
				GCC_WARN_UNUSED_VARIABLE = YES;
				LOCALIZATION_PREFERS_STRING_CATALOGS = YES;
				MACOSX_DEPLOYMENT_TARGET = 14.0;
				MTL_ENABLE_DEBUG_INFO = NO;
				MTL_FAST_MATH = YES;
				SDKROOT = macosx;
				SWIFT_COMPILATION_MODE = wholemodule;
				SWIFT_VERSION = 6.0;
			};
			name = Release;
		};
		A9A1A1AD2C93456800000001 /* Debug */ = {
			isa = XCBuildConfiguration;
			buildSettings = {
				ASSETCATALOG_COMPILER_APPICON_NAME = AppIcon;
				ASSETCATALOG_COMPILER_GLOBAL_ACCENT_COLOR_NAME = AccentColor;
				ASSETCATALOG_COMPILER_INCLUDE_ALL_APPICON_ASSETS = YES;
				CODE_SIGN_ENTITLEMENTS = PerceptronViz/PerceptronViz.entitlements;
				CODE_SIGN_STYLE = Automatic;
				COMBINE_HIDPI_IMAGES = YES;
				CURRENT_PROJECT_VERSION = 1;
				DEVELOPMENT_ASSET_PATHS = "\"PerceptronViz/Preview Content\"";
				DEVELOPMENT_TEAM = "";
				ENABLE_HARDENED_RUNTIME = YES;
				ENABLE_PREVIEWS = YES;
				GENERATE_INFOPLIST_FILE = YES;
				INFOPLIST_KEY_NSHumanReadableCopyright = "";
				LD_RUNPATH_SEARCH_PATHS = (
					"$(inherited)",
					"@executable_path/../Frameworks",
				);
				MARKETING_VERSION = 1.0;
				PRODUCT_BUNDLE_IDENTIFIER = com.example.PerceptronViz;
				PRODUCT_NAME = "$(TARGET_NAME)";
				SWIFT_EMIT_LOC_STRINGS = YES;
				SWIFT_VERSION = 6.0;
			};
			name = Debug;
		};
		A9A1A1AE2C93456800000001 /* Release */ = {
			isa = XCBuildConfiguration;
			buildSettings = {
				ASSETCATALOG_COMPILER_APPICON_NAME = AppIcon;
				ASSETCATALOG_COMPILER_GLOBAL_ACCENT_COLOR_NAME = AccentColor;
				ASSETCATALOG_COMPILER_INCLUDE_ALL_APPICON_ASSETS = YES;
				CODE_SIGN_ENTITLEMENTS = PerceptronViz/PerceptronViz.entitlements;
				CODE_SIGN_STYLE = Automatic;
				COMBINE_HIDPI_IMAGES = YES;
				CURRENT_PROJECT_VERSION = 1;
				DEVELOPMENT_ASSET_PATHS = "\"PerceptronViz/Preview Content\"";
				DEVELOPMENT_TEAM = "";
				ENABLE_HARDENED_RUNTIME = YES;
				ENABLE_PREVIEWS = YES;
				GENERATE_INFOPLIST_FILE = YES;
				INFOPLIST_KEY_NSHumanReadableCopyright = "";
				LD_RUNPATH_SEARCH_PATHS = (
					"$(inherited)",
					"@executable_path/../Frameworks",
				);
				MARKETING_VERSION = 1.0;
				PRODUCT_BUNDLE_IDENTIFIER = com.example.PerceptronViz;
				PRODUCT_NAME = "$(TARGET_NAME)";
				SWIFT_EMIT_LOC_STRINGS = YES;
				SWIFT_VERSION = 6.0;
			};
			name = Release;
		};
/* End XCBuildConfiguration section */

/* Begin XCConfigurationList section */
		A9A1A1982C93456700000001 /* Build configuration list for PBXProject "PerceptronViz" */ = {
			isa = XCConfigurationList;
			buildConfigurations = (
				A9A1A1AA2C93456800000001 /* Debug */,
				A9A1A1AB2C93456800000001 /* Release */,
			);
			defaultConfigurationIsVisible = 0;
			defaultConfigurationName = Release;
		};
		A9A1A1AC2C93456800000001 /* Build configuration list for PBXNativeTarget "PerceptronViz" */ = {
			isa = XCConfigurationList;
			buildConfigurations = (
				A9A1A1AD2C93456800000001 /* Debug */,
				A9A1A1AE2C93456800000001 /* Release */,
			);
			defaultConfigurationIsVisible = 0;
			defaultConfigurationName = Release;
		};
/* End XCConfigurationList section */
	};
	rootObject = A9A1A1952C93456700000001 /* Project object */;
}
